
Microsoft Visual Studio Solution File, Format Version 12.00
# Visual Studio 2012
Project("{FAE04EC0-301F-11D3-BF4B-00C04F79EFBC}") = "Algorithms", "Algorithms\Algorithms.csproj", "{1A89B776-11FF-44DF-9062-D19A0A41F344}"
EndProject
Project("{FAE04EC0-301F-11D3-BF4B-00C04F79EFBC}") = "DataStructures", "DataStructures\DataStructures.csproj", "{54CB1B25-7F5D-4AC8-90E0-CEB4CAD2EAF8}"
EndProject
Global
	GlobalSection(SolutionConfigurationPlatforms) = preSolution
		Debug|Any CPU = Debug|Any CPU
		Release|Any CPU = Release|Any CPU
	EndGlobalSection
	GlobalSection(ProjectConfigurationPlatforms) = postSolution
		{1A89B776-11FF-44DF-9062-D19A0A41F344}.Debug|Any CPU.ActiveCfg = Debug|Any CPU
		{1A89B776-11FF-44DF-9062-D19A0A41F344}.Debug|Any CPU.Build.0 = Debug|Any CPU
		{1A89B776-11FF-44DF-9062-D19A0A41F344}.Release|Any CPU.ActiveCfg = Release|Any CPU
		{1A89B776-11FF-44DF-9062-D19A0A41F344}.Release|Any CPU.Build.0 = Release|Any CPU
		{54CB1B25-7F5D-4AC8-90E0-CEB4CAD2EAF8}.Debug|Any CPU.ActiveCfg = Debug|Any CPU
		{54CB1B25-7F5D-4AC8-90E0-CEB4CAD2EAF8}.Debug|Any CPU.Build.0 = Debug|Any CPU
		{54CB1B25-7F5D-4AC8-90E0-CEB4CAD2EAF8}.Release|Any CPU.ActiveCfg = Release|Any CPU
		{54CB1B25-7F5D-4AC8-90E0-CEB4CAD2EAF8}.Release|Any CPU.Build.0 = Release|Any CPU
	EndGlobalSection
	GlobalSection(SolutionProperties) = preSolution
		HideSolutionNode = FALSE
	EndGlobalSection
EndGlobal
